
Microsoft Visual Studio Solution File, Format Version 12.00
# Visual Studio 2012
Project("{FAE04EC0-301F-11D3-BF4B-00C04F79EFBC}") = "NancyBoilerplate", "NancyBoilerplate\NancyBoilerplate.csproj", "{2E9342E9-6BA7-4A17-8CBD-A1EEBF0C0E29}"
EndProject
Project("{2150E333-8FDC-42A3-9474-1A3956D46DE8}") = ".nuget", ".nuget", "{50AB3108-DD28-498C-B11D-84095BD72DE7}"
	ProjectSection(SolutionItems) = preProject
		.nuget\NuGet.Config = .nuget\NuGet.Config
		.nuget\NuGet.exe = .nuget\NuGet.exe
		.nuget\NuGet.targets = .nuget\NuGet.targets
	EndProjectSection
EndProject
Project("{FAE04EC0-301F-11D3-BF4B-00C04F79EFBC}") = "NancyBoilerplate.Tests.Unit", "NancyBoilerplate.Tests.Unit\NancyBoilerplate.Tests.Unit.csproj", "{1E6A5262-C0C8-4E31-AA36-21F1D20FC42D}"
EndProject
Project("{FAE04EC0-301F-11D3-BF4B-00C04F79EFBC}") = "NancyBoilerplate.Tests.Integration", "NancyBoilerplate.Tests.Integration\NancyBoilerplate.Tests.Integration.csproj", "{FDC015C0-919C-4574-B273-DE60D5AF3078}"
EndProject
Global
	GlobalSection(SolutionConfigurationPlatforms) = preSolution
		Debug|Any CPU = Debug|Any CPU
		Release|Any CPU = Release|Any CPU
	EndGlobalSection
	GlobalSection(ProjectConfigurationPlatforms) = postSolution
		{2E9342E9-6BA7-4A17-8CBD-A1EEBF0C0E29}.Debug|Any CPU.ActiveCfg = Debug|Any CPU
		{2E9342E9-6BA7-4A17-8CBD-A1EEBF0C0E29}.Debug|Any CPU.Build.0 = Debug|Any CPU
		{2E9342E9-6BA7-4A17-8CBD-A1EEBF0C0E29}.Release|Any CPU.ActiveCfg = Release|Any CPU
		{2E9342E9-6BA7-4A17-8CBD-A1EEBF0C0E29}.Release|Any CPU.Build.0 = Release|Any CPU
		{1E6A5262-C0C8-4E31-AA36-21F1D20FC42D}.Debug|Any CPU.ActiveCfg = Debug|Any CPU
		{1E6A5262-C0C8-4E31-AA36-21F1D20FC42D}.Debug|Any CPU.Build.0 = Debug|Any CPU
		{1E6A5262-C0C8-4E31-AA36-21F1D20FC42D}.Release|Any CPU.ActiveCfg = Release|Any CPU
		{1E6A5262-C0C8-4E31-AA36-21F1D20FC42D}.Release|Any CPU.Build.0 = Release|Any CPU
		{FDC015C0-919C-4574-B273-DE60D5AF3078}.Debug|Any CPU.ActiveCfg = Debug|Any CPU
		{FDC015C0-919C-4574-B273-DE60D5AF3078}.Debug|Any CPU.Build.0 = Debug|Any CPU
		{FDC015C0-919C-4574-B273-DE60D5AF3078}.Release|Any CPU.ActiveCfg = Release|Any CPU
		{FDC015C0-919C-4574-B273-DE60D5AF3078}.Release|Any CPU.Build.0 = Release|Any CPU
	EndGlobalSection
	GlobalSection(SolutionProperties) = preSolution
		HideSolutionNode = FALSE
	EndGlobalSection
EndGlobal
